
Microsoft Visual Studio Solution File, Format Version 12.00
# Visual Studio Version 16
VisualStudioVersion = 16.0.29519.87
MinimumVisualStudioVersion = 10.0.40219.1
Project("{FAE04EC0-301F-11D3-BF4B-00C04F79EFBC}") = "Agentie_Matrimoniala", "Agentie_Matrimoniala\Agentie_Matrimoniala.csproj", "{6EEDCE62-E1A7-4B0B-A0FB-E41E7E34258F}"
EndProject
Global
	GlobalSection(SolutionConfigurationPlatforms) = preSolution
		Debug|Any CPU = Debug|Any CPU
		Release|Any CPU = Release|Any CPU
	EndGlobalSection
	GlobalSection(ProjectConfigurationPlatforms) = postSolution
		{6EEDCE62-E1A7-4B0B-A0FB-E41E7E34258F}.Debug|Any CPU.ActiveCfg = Debug|Any CPU
		{6EEDCE62-E1A7-4B0B-A0FB-E41E7E34258F}.Debug|Any CPU.Build.0 = Debug|Any CPU
		{6EEDCE62-E1A7-4B0B-A0FB-E41E7E34258F}.Release|Any CPU.ActiveCfg = Release|Any CPU
		{6EEDCE62-E1A7-4B0B-A0FB-E41E7E34258F}.Release|Any CPU.Build.0 = Release|Any CPU
	EndGlobalSection
	GlobalSection(SolutionProperties) = preSolution
		HideSolutionNode = FALSE
	EndGlobalSection
	GlobalSection(ExtensibilityGlobals) = postSolution
		SolutionGuid = {2B195955-6692-48F4-BD0F-57D61D3F00A7}
	EndGlobalSection
EndGlobal
